
Microsoft Visual Studio Solution File, Format Version 12.00
# Visual Studio Version 17
VisualStudioVersion = 17.4.33103.184
MinimumVisualStudioVersion = 10.0.40219.1
Project("{FAE04EC0-301F-11D3-BF4B-00C04F79EFBC}") = "Unidade1", "Unidade1\Unidade1.csproj", "{77BF9427-89A3-4E29-AF73-92E9C0A23391}"
EndProject
Global
	GlobalSection(SolutionConfigurationPlatforms) = preSolution
		Debug|Any CPU = Debug|Any CPU
		Release|Any CPU = Release|Any CPU
	EndGlobalSection
	GlobalSection(ProjectConfigurationPlatforms) = postSolution
		{77BF9427-89A3-4E29-AF73-92E9C0A23391}.Debug|Any CPU.ActiveCfg = Debug|Any CPU
		{77BF9427-89A3-4E29-AF73-92E9C0A23391}.Debug|Any CPU.Build.0 = Debug|Any CPU
		{77BF9427-89A3-4E29-AF73-92E9C0A23391}.Release|Any CPU.ActiveCfg = Release|Any CPU
		{77BF9427-89A3-4E29-AF73-92E9C0A23391}.Release|Any CPU.Build.0 = Release|Any CPU
	EndGlobalSection
	GlobalSection(SolutionProperties) = preSolution
		HideSolutionNode = FALSE
	EndGlobalSection
	GlobalSection(ExtensibilityGlobals) = postSolution
		SolutionGuid = {70780275-A022-4561-971D-89A6EEA7D0F2}
	EndGlobalSection
EndGlobal
